
Microsoft Visual Studio Solution File, Format Version 12.00
# Visual Studio Version 16
VisualStudioVersion = 16.0.31911.196
MinimumVisualStudioVersion = 10.0.40219.1
Project("{9A19103F-16F7-4668-BE54-9A1E7A4F7556}") = "TestDynamic", "TestDynamic.csproj", "{291E5B1E-3E7F-401C-B38C-E9B83C14F52F}"
EndProject
Global
	GlobalSection(SolutionConfigurationPlatforms) = preSolution
		Debug|Any CPU = Debug|Any CPU
		Release|Any CPU = Release|Any CPU
	EndGlobalSection
	GlobalSection(ProjectConfigurationPlatforms) = postSolution
		{291E5B1E-3E7F-401C-B38C-E9B83C14F52F}.Debug|Any CPU.ActiveCfg = Debug|Any CPU
		{291E5B1E-3E7F-401C-B38C-E9B83C14F52F}.Debug|Any CPU.Build.0 = Debug|Any CPU
		{291E5B1E-3E7F-401C-B38C-E9B83C14F52F}.Release|Any CPU.ActiveCfg = Release|Any CPU
		{291E5B1E-3E7F-401C-B38C-E9B83C14F52F}.Release|Any CPU.Build.0 = Release|Any CPU
	EndGlobalSection
	GlobalSection(SolutionProperties) = preSolution
		HideSolutionNode = FALSE
	EndGlobalSection
	GlobalSection(ExtensibilityGlobals) = postSolution
		SolutionGuid = {217366B7-F280-4426-91C7-303C2F48E063}
	EndGlobalSection
EndGlobal
